
Microsoft Visual Studio Solution File, Format Version 12.00
# Visual Studio Version 17
VisualStudioVersion = 17.11.35222.181
MinimumVisualStudioVersion = 10.0.40219.1
Project("{FAE04EC0-301F-11D3-BF4B-00C04F79EFBC}") = "IFGame1", "IFGame1.csproj", "{78D38D14-75D4-44F3-90CC-76AC60AC7C94}"
EndProject
Global
	GlobalSection(SolutionConfigurationPlatforms) = preSolution
		Debug|Any CPU = Debug|Any CPU
		Release|Any CPU = Release|Any CPU
	EndGlobalSection
	GlobalSection(ProjectConfigurationPlatforms) = postSolution
		{78D38D14-75D4-44F3-90CC-76AC60AC7C94}.Debug|Any CPU.ActiveCfg = Debug|Any CPU
		{78D38D14-75D4-44F3-90CC-76AC60AC7C94}.Debug|Any CPU.Build.0 = Debug|Any CPU
		{78D38D14-75D4-44F3-90CC-76AC60AC7C94}.Release|Any CPU.ActiveCfg = Release|Any CPU
		{78D38D14-75D4-44F3-90CC-76AC60AC7C94}.Release|Any CPU.Build.0 = Release|Any CPU
	EndGlobalSection
	GlobalSection(SolutionProperties) = preSolution
		HideSolutionNode = FALSE
	EndGlobalSection
	GlobalSection(ExtensibilityGlobals) = postSolution
		SolutionGuid = {759E4508-ADB4-4E04-B949-0F46E8602860}
	EndGlobalSection
EndGlobal
